
Microsoft Visual Studio Solution File, Format Version 12.00
Project("{FAE04EC0-301F-11D3-BF4B-00C04F79EFBC}") = "L8", "L8\L8.csproj", "{0D26B2ED-2FFA-4585-9EB9-F47EC2DAD6BF}"
EndProject
Project("{FAE04EC0-301F-11D3-BF4B-00C04F79EFBC}") = "Library", "Library\Library.csproj", "{99D48CC2-4758-40C5-B431-396F1C02AFC3}"
EndProject
Global
	GlobalSection(SolutionConfigurationPlatforms) = preSolution
		Debug|Any CPU = Debug|Any CPU
		Release|Any CPU = Release|Any CPU
	EndGlobalSection
	GlobalSection(ProjectConfigurationPlatforms) = postSolution
		{0D26B2ED-2FFA-4585-9EB9-F47EC2DAD6BF}.Debug|Any CPU.ActiveCfg = Debug|Any CPU
		{0D26B2ED-2FFA-4585-9EB9-F47EC2DAD6BF}.Debug|Any CPU.Build.0 = Debug|Any CPU
		{0D26B2ED-2FFA-4585-9EB9-F47EC2DAD6BF}.Release|Any CPU.ActiveCfg = Release|Any CPU
		{0D26B2ED-2FFA-4585-9EB9-F47EC2DAD6BF}.Release|Any CPU.Build.0 = Release|Any CPU
		{99D48CC2-4758-40C5-B431-396F1C02AFC3}.Debug|Any CPU.ActiveCfg = Debug|Any CPU
		{99D48CC2-4758-40C5-B431-396F1C02AFC3}.Debug|Any CPU.Build.0 = Debug|Any CPU
		{99D48CC2-4758-40C5-B431-396F1C02AFC3}.Release|Any CPU.ActiveCfg = Release|Any CPU
		{99D48CC2-4758-40C5-B431-396F1C02AFC3}.Release|Any CPU.Build.0 = Release|Any CPU
	EndGlobalSection
EndGlobal
