
Microsoft Visual Studio Solution File, Format Version 12.00
Project("{FAE04EC0-301F-11D3-BF4B-00C04F79EFBC}") = "L3", "L3\L3.csproj", "{95B48501-4207-4706-8029-C66F69FC2DC9}"
EndProject
Global
	GlobalSection(SolutionConfigurationPlatforms) = preSolution
		Debug|Any CPU = Debug|Any CPU
		Release|Any CPU = Release|Any CPU
	EndGlobalSection
	GlobalSection(ProjectConfigurationPlatforms) = postSolution
		{95B48501-4207-4706-8029-C66F69FC2DC9}.Debug|Any CPU.ActiveCfg = Debug|Any CPU
		{95B48501-4207-4706-8029-C66F69FC2DC9}.Debug|Any CPU.Build.0 = Debug|Any CPU
		{95B48501-4207-4706-8029-C66F69FC2DC9}.Release|Any CPU.ActiveCfg = Release|Any CPU
		{95B48501-4207-4706-8029-C66F69FC2DC9}.Release|Any CPU.Build.0 = Release|Any CPU
	EndGlobalSection
EndGlobal
